
Microsoft Visual Studio Solution File, Format Version 12.00
# Visual Studio Version 17
VisualStudioVersion = 17.9.34728.123
MinimumVisualStudioVersion = 10.0.40219.1
Project("{FAE04EC0-301F-11D3-BF4B-00C04F79EFBC}") = "MiddleAssignment.Backend", "MiddleAssignment.Backend.csproj", "{E37A81E8-25F2-4209-93AC-D81EACEB2211}"
EndProject
Project("{FAE04EC0-301F-11D3-BF4B-00C04F79EFBC}") = "MiddleAssignment.Backend.Test", "..\MiddleAssignment.Backend.Test\MiddleAssignment.Backend.Test.csproj", "{E927960F-CF7C-400C-B92B-B2CF386C8B58}"
EndProject
Global
	GlobalSection(SolutionConfigurationPlatforms) = preSolution
		Debug|Any CPU = Debug|Any CPU
		Release|Any CPU = Release|Any CPU
	EndGlobalSection
	GlobalSection(ProjectConfigurationPlatforms) = postSolution
		{E37A81E8-25F2-4209-93AC-D81EACEB2211}.Debug|Any CPU.ActiveCfg = Debug|Any CPU
		{E37A81E8-25F2-4209-93AC-D81EACEB2211}.Debug|Any CPU.Build.0 = Debug|Any CPU
		{E37A81E8-25F2-4209-93AC-D81EACEB2211}.Release|Any CPU.ActiveCfg = Release|Any CPU
		{E37A81E8-25F2-4209-93AC-D81EACEB2211}.Release|Any CPU.Build.0 = Release|Any CPU
		{E927960F-CF7C-400C-B92B-B2CF386C8B58}.Debug|Any CPU.ActiveCfg = Debug|Any CPU
		{E927960F-CF7C-400C-B92B-B2CF386C8B58}.Debug|Any CPU.Build.0 = Debug|Any CPU
		{E927960F-CF7C-400C-B92B-B2CF386C8B58}.Release|Any CPU.ActiveCfg = Release|Any CPU
		{E927960F-CF7C-400C-B92B-B2CF386C8B58}.Release|Any CPU.Build.0 = Release|Any CPU
	EndGlobalSection
	GlobalSection(SolutionProperties) = preSolution
		HideSolutionNode = FALSE
	EndGlobalSection
	GlobalSection(ExtensibilityGlobals) = postSolution
		SolutionGuid = {062079B2-5A2E-4C11-A7D3-A5952BE81C12}
	EndGlobalSection
EndGlobal
